
Microsoft Visual Studio Solution File, Format Version 12.00
# Visual Studio 15
VisualStudioVersion = 15.0.28307.757
MinimumVisualStudioVersion = 10.0.40219.1
Project("{2150E333-8FDC-42A3-9474-1A3956D46DE8}") = "01.单例模式", "01.单例模式", "{9EF031FC-20C5-4248-BDE9-A39396C9F1AE}"
EndProject
Project("{FAE04EC0-301F-11D3-BF4B-00C04F79EFBC}") = "SingletonPattern", "SingletonPattern\SingletonPattern.csproj", "{F0F868EB-6072-4872-A99C-48C2884952D9}"
EndProject
Project("{FAE04EC0-301F-11D3-BF4B-00C04F79EFBC}") = "Core", "Core\Core.csproj", "{F528BEF8-F2A6-4B25-B0A7-B54144C84DC4}"
EndProject
Project("{2150E333-8FDC-42A3-9474-1A3956D46DE8}") = "02.简单工厂模式", "02.简单工厂模式", "{B561EA9D-F64D-47B2-90A2-DE64B9563DB4}"
EndProject
Project("{FAE04EC0-301F-11D3-BF4B-00C04F79EFBC}") = "SimpleFactoryPattern", "SimpleFactoryPattern\SimpleFactoryPattern.csproj", "{64FC3A31-65D6-4C6F-8383-075F3007F7D5}"
EndProject
Project("{2150E333-8FDC-42A3-9474-1A3956D46DE8}") = "03.工厂方法模式", "03.工厂方法模式", "{D18533FA-AB8A-49D2-873D-D3458F9AD656}"
EndProject
Project("{FAE04EC0-301F-11D3-BF4B-00C04F79EFBC}") = "FactoryMethodPattern", "FactoryMethodPattern\FactoryMethodPattern.csproj", "{D95A41E0-A35F-4BAD-A8D6-E4A0EA583E69}"
EndProject
Project("{2150E333-8FDC-42A3-9474-1A3956D46DE8}") = "04.抽象工厂模式", "04.抽象工厂模式", "{3F4AEE24-CC39-47CF-B6E1-8E1F4ED3076A}"
EndProject
Project("{FAE04EC0-301F-11D3-BF4B-00C04F79EFBC}") = "AbstractFactoryPattern", "AbstractFactoryPattern\AbstractFactoryPattern.csproj", "{7B17ADDE-4B53-4EFE-AF41-938CC5D1B6F4}"
EndProject
Project("{2150E333-8FDC-42A3-9474-1A3956D46DE8}") = "05.建造者模式", "05.建造者模式", "{237A0170-8EAD-42C2-AF96-1888D82595CC}"
EndProject
Project("{FAE04EC0-301F-11D3-BF4B-00C04F79EFBC}") = "BuilderPattern", "BuilderPattern\BuilderPattern.csproj", "{84F69EC1-DAC0-4F9B-8192-2FEB0103CB80}"
EndProject
Project("{2150E333-8FDC-42A3-9474-1A3956D46DE8}") = "06.原型模式", "06.原型模式", "{8B7ECEC9-5D2A-4FD8-B9F0-84E66A74C334}"
EndProject
Project("{FAE04EC0-301F-11D3-BF4B-00C04F79EFBC}") = "PrototypePattern", "PrototypePattern\PrototypePattern.csproj", "{0B0EE077-8B7B-4D8B-BC66-516A64003D9C}"
EndProject
Project("{2150E333-8FDC-42A3-9474-1A3956D46DE8}") = "07.适配器模式", "07.适配器模式", "{1D919FA2-4D99-4281-B18A-593F91F91317}"
EndProject
Project("{FAE04EC0-301F-11D3-BF4B-00C04F79EFBC}") = "AdapterPattern", "AdapterPattern\AdapterPattern.csproj", "{78B4AEFE-9D13-4578-B368-B25DFEA4644D}"
EndProject
Project("{2150E333-8FDC-42A3-9474-1A3956D46DE8}") = "08.桥接模式", "08.桥接模式", "{E9622B7A-1BB6-407D-9C71-2283C31772B9}"
EndProject
Project("{FAE04EC0-301F-11D3-BF4B-00C04F79EFBC}") = "BridgeConnectPattern", "BridgeConnectPattern\BridgeConnectPattern.csproj", "{50E8EDE8-97A1-4A4C-9F12-447638F5AA3B}"
EndProject
Project("{2150E333-8FDC-42A3-9474-1A3956D46DE8}") = "09.装饰者模式", "09.装饰者模式", "{13863771-58DA-4D44-BC6D-3337AA97CD36}"
EndProject
Project("{FAE04EC0-301F-11D3-BF4B-00C04F79EFBC}") = "DecoratePattern", "DecoratePattern\DecoratePattern.csproj", "{90CB4AD3-F2CB-43CE-9336-7BBB97E5C9D7}"
EndProject
Project("{2150E333-8FDC-42A3-9474-1A3956D46DE8}") = "10.组合模式", "10.组合模式", "{81CF3194-0AEC-499B-ACFC-A771A041DA34}"
EndProject
Project("{FAE04EC0-301F-11D3-BF4B-00C04F79EFBC}") = "ComposePattern", "ComposePattern\ComposePattern.csproj", "{ED023CF1-E53D-4FB5-8C58-25B8D8DB3890}"
EndProject
Project("{2150E333-8FDC-42A3-9474-1A3956D46DE8}") = "11.外观模式", "11.外观模式", "{716AC3E7-5D6E-411F-ABBE-1C91B74D63F3}"
EndProject
Project("{FAE04EC0-301F-11D3-BF4B-00C04F79EFBC}") = "AppearancePattern", "AppearancePattern\AppearancePattern.csproj", "{F0CB064A-C946-45DF-A393-1C27B0F5A382}"
EndProject
Project("{2150E333-8FDC-42A3-9474-1A3956D46DE8}") = "12.享元模式", "12.享元模式", "{3BA29777-B577-464E-8BB3-6C7723DD93BD}"
EndProject
Project("{FAE04EC0-301F-11D3-BF4B-00C04F79EFBC}") = "FlyweightPattern", "FlyweightPattern\FlyweightPattern.csproj", "{D1CF23AA-14F7-4903-8D53-B19C34FB0527}"
EndProject
Project("{2150E333-8FDC-42A3-9474-1A3956D46DE8}") = "13.代理模式", "13.代理模式", "{76BE093A-87F0-4E9B-B416-B3E10CA4C965}"
EndProject
Project("{FAE04EC0-301F-11D3-BF4B-00C04F79EFBC}") = "ProxyPattern", "ProxyPattern\ProxyPattern.csproj", "{900B1C64-4F3E-44FA-8782-72D6D3C10549}"
EndProject
Project("{2150E333-8FDC-42A3-9474-1A3956D46DE8}") = "14.模板方法模式", "14.模板方法模式", "{988BF704-3C07-4D43-98F2-6EA436C73279}"
EndProject
Project("{FAE04EC0-301F-11D3-BF4B-00C04F79EFBC}") = "TemplateMethodPattern", "TemplateMethodPattern\TemplateMethodPattern.csproj", "{DF5251E6-055E-470C-B6B2-301B4BD66A28}"
EndProject
Project("{2150E333-8FDC-42A3-9474-1A3956D46DE8}") = "15.命令模式", "15.命令模式", "{958E1327-8575-4654-B352-0B0025296A79}"
EndProject
Project("{FAE04EC0-301F-11D3-BF4B-00C04F79EFBC}") = "CommandPattern", "CommandPattern\CommandPattern.csproj", "{5671B546-9929-4DA2-8EE9-C48BB4FD0216}"
EndProject
Project("{2150E333-8FDC-42A3-9474-1A3956D46DE8}") = "16.迭代器模式", "16.迭代器模式", "{4AFB10B5-3227-4575-84C1-F59056324BA1}"
EndProject
Project("{FAE04EC0-301F-11D3-BF4B-00C04F79EFBC}") = "IteratorPattern", "IteratorPattern\IteratorPattern.csproj", "{E5745EA4-E4F3-43D5-9C89-0C562AA5C287}"
EndProject
Project("{2150E333-8FDC-42A3-9474-1A3956D46DE8}") = "17.观察者模式", "17.观察者模式", "{10D5E990-5CAC-436C-A2EE-9DD8EE1B85BD}"
EndProject
Project("{FAE04EC0-301F-11D3-BF4B-00C04F79EFBC}") = "ObserverPattern", "ObserverPattern\ObserverPattern.csproj", "{1C250B09-CF06-4739-9617-458DC6AB2577}"
EndProject
Project("{2150E333-8FDC-42A3-9474-1A3956D46DE8}") = "18.中介者模式", "18.中介者模式", "{74377571-E55B-450D-A2A4-50E8167EC5FA}"
EndProject
Project("{FAE04EC0-301F-11D3-BF4B-00C04F79EFBC}") = "MediatorPattern", "MediatorPattern\MediatorPattern.csproj", "{10BFE4A1-C74C-4354-8B23-A42E823480B5}"
EndProject
Project("{2150E333-8FDC-42A3-9474-1A3956D46DE8}") = "19.状态者模式", "19.状态者模式", "{0C27D44B-79DB-47AA-9B24-B8D2066C4AE9}"
EndProject
Project("{FAE04EC0-301F-11D3-BF4B-00C04F79EFBC}") = "StatePattern", "StatePattern\StatePattern.csproj", "{8344F353-7891-4990-9156-4B0894EC761C}"
EndProject
Project("{2150E333-8FDC-42A3-9474-1A3956D46DE8}") = "20.策略者模式", "20.策略者模式", "{28A3A879-F72A-498F-9A85-69E1B967B466}"
EndProject
Project("{FAE04EC0-301F-11D3-BF4B-00C04F79EFBC}") = "StrategyPattern", "StrategyPattern\StrategyPattern.csproj", "{436A25A2-DAD7-41C5-8BB0-3E0B2B8BC104}"
EndProject
Project("{2150E333-8FDC-42A3-9474-1A3956D46DE8}") = "21.责任链模式", "21.责任链模式", "{5A54DDB4-F392-4E71-8880-C5A8BF42233C}"
EndProject
Project("{FAE04EC0-301F-11D3-BF4B-00C04F79EFBC}") = "ResponsibilityChainPattern", "ResponsibilityChainPattern\ResponsibilityChainPattern.csproj", "{E6B00733-A487-48FA-A38B-68FA652C673D}"
EndProject
Project("{2150E333-8FDC-42A3-9474-1A3956D46DE8}") = "22.访问者模式", "22.访问者模式", "{71D2D08B-7837-48C1-840A-95D11CDD64E3}"
EndProject
Project("{FAE04EC0-301F-11D3-BF4B-00C04F79EFBC}") = "VisitorPattern", "VisitorPattern\VisitorPattern.csproj", "{911E3D78-FA53-4C02-AC08-DC6765D7D6DF}"
EndProject
Project("{2150E333-8FDC-42A3-9474-1A3956D46DE8}") = "23.备忘录模式", "23.备忘录模式", "{49AE9779-5014-4228-B906-BF6869805941}"
EndProject
Project("{FAE04EC0-301F-11D3-BF4B-00C04F79EFBC}") = "MemorandumPattern", "MemorandumPattern\MemorandumPattern.csproj", "{8695B761-2425-455F-AABB-2645A33AEF91}"
EndProject
Global
	GlobalSection(SolutionConfigurationPlatforms) = preSolution
		Debug|Any CPU = Debug|Any CPU
		Release|Any CPU = Release|Any CPU
	EndGlobalSection
	GlobalSection(ProjectConfigurationPlatforms) = postSolution
		{F0F868EB-6072-4872-A99C-48C2884952D9}.Debug|Any CPU.ActiveCfg = Debug|Any CPU
		{F0F868EB-6072-4872-A99C-48C2884952D9}.Debug|Any CPU.Build.0 = Debug|Any CPU
		{F0F868EB-6072-4872-A99C-48C2884952D9}.Release|Any CPU.ActiveCfg = Release|Any CPU
		{F0F868EB-6072-4872-A99C-48C2884952D9}.Release|Any CPU.Build.0 = Release|Any CPU
		{F528BEF8-F2A6-4B25-B0A7-B54144C84DC4}.Debug|Any CPU.ActiveCfg = Debug|Any CPU
		{F528BEF8-F2A6-4B25-B0A7-B54144C84DC4}.Debug|Any CPU.Build.0 = Debug|Any CPU
		{F528BEF8-F2A6-4B25-B0A7-B54144C84DC4}.Release|Any CPU.ActiveCfg = Release|Any CPU
		{F528BEF8-F2A6-4B25-B0A7-B54144C84DC4}.Release|Any CPU.Build.0 = Release|Any CPU
		{64FC3A31-65D6-4C6F-8383-075F3007F7D5}.Debug|Any CPU.ActiveCfg = Debug|Any CPU
		{64FC3A31-65D6-4C6F-8383-075F3007F7D5}.Debug|Any CPU.Build.0 = Debug|Any CPU
		{64FC3A31-65D6-4C6F-8383-075F3007F7D5}.Release|Any CPU.ActiveCfg = Release|Any CPU
		{64FC3A31-65D6-4C6F-8383-075F3007F7D5}.Release|Any CPU.Build.0 = Release|Any CPU
		{D95A41E0-A35F-4BAD-A8D6-E4A0EA583E69}.Debug|Any CPU.ActiveCfg = Debug|Any CPU
		{D95A41E0-A35F-4BAD-A8D6-E4A0EA583E69}.Debug|Any CPU.Build.0 = Debug|Any CPU
		{D95A41E0-A35F-4BAD-A8D6-E4A0EA583E69}.Release|Any CPU.ActiveCfg = Release|Any CPU
		{D95A41E0-A35F-4BAD-A8D6-E4A0EA583E69}.Release|Any CPU.Build.0 = Release|Any CPU
		{7B17ADDE-4B53-4EFE-AF41-938CC5D1B6F4}.Debug|Any CPU.ActiveCfg = Debug|Any CPU
		{7B17ADDE-4B53-4EFE-AF41-938CC5D1B6F4}.Debug|Any CPU.Build.0 = Debug|Any CPU
		{7B17ADDE-4B53-4EFE-AF41-938CC5D1B6F4}.Release|Any CPU.ActiveCfg = Release|Any CPU
		{7B17ADDE-4B53-4EFE-AF41-938CC5D1B6F4}.Release|Any CPU.Build.0 = Release|Any CPU
		{84F69EC1-DAC0-4F9B-8192-2FEB0103CB80}.Debug|Any CPU.ActiveCfg = Debug|Any CPU
		{84F69EC1-DAC0-4F9B-8192-2FEB0103CB80}.Debug|Any CPU.Build.0 = Debug|Any CPU
		{84F69EC1-DAC0-4F9B-8192-2FEB0103CB80}.Release|Any CPU.ActiveCfg = Release|Any CPU
		{84F69EC1-DAC0-4F9B-8192-2FEB0103CB80}.Release|Any CPU.Build.0 = Release|Any CPU
		{0B0EE077-8B7B-4D8B-BC66-516A64003D9C}.Debug|Any CPU.ActiveCfg = Debug|Any CPU
		{0B0EE077-8B7B-4D8B-BC66-516A64003D9C}.Debug|Any CPU.Build.0 = Debug|Any CPU
		{0B0EE077-8B7B-4D8B-BC66-516A64003D9C}.Release|Any CPU.ActiveCfg = Release|Any CPU
		{0B0EE077-8B7B-4D8B-BC66-516A64003D9C}.Release|Any CPU.Build.0 = Release|Any CPU
		{78B4AEFE-9D13-4578-B368-B25DFEA4644D}.Debug|Any CPU.ActiveCfg = Debug|Any CPU
		{78B4AEFE-9D13-4578-B368-B25DFEA4644D}.Debug|Any CPU.Build.0 = Debug|Any CPU
		{78B4AEFE-9D13-4578-B368-B25DFEA4644D}.Release|Any CPU.ActiveCfg = Release|Any CPU
		{78B4AEFE-9D13-4578-B368-B25DFEA4644D}.Release|Any CPU.Build.0 = Release|Any CPU
		{50E8EDE8-97A1-4A4C-9F12-447638F5AA3B}.Debug|Any CPU.ActiveCfg = Debug|Any CPU
		{50E8EDE8-97A1-4A4C-9F12-447638F5AA3B}.Debug|Any CPU.Build.0 = Debug|Any CPU
		{50E8EDE8-97A1-4A4C-9F12-447638F5AA3B}.Release|Any CPU.ActiveCfg = Release|Any CPU
		{50E8EDE8-97A1-4A4C-9F12-447638F5AA3B}.Release|Any CPU.Build.0 = Release|Any CPU
		{90CB4AD3-F2CB-43CE-9336-7BBB97E5C9D7}.Debug|Any CPU.ActiveCfg = Debug|Any CPU
		{90CB4AD3-F2CB-43CE-9336-7BBB97E5C9D7}.Debug|Any CPU.Build.0 = Debug|Any CPU
		{90CB4AD3-F2CB-43CE-9336-7BBB97E5C9D7}.Release|Any CPU.ActiveCfg = Release|Any CPU
		{90CB4AD3-F2CB-43CE-9336-7BBB97E5C9D7}.Release|Any CPU.Build.0 = Release|Any CPU
		{ED023CF1-E53D-4FB5-8C58-25B8D8DB3890}.Debug|Any CPU.ActiveCfg = Debug|Any CPU
		{ED023CF1-E53D-4FB5-8C58-25B8D8DB3890}.Debug|Any CPU.Build.0 = Debug|Any CPU
		{ED023CF1-E53D-4FB5-8C58-25B8D8DB3890}.Release|Any CPU.ActiveCfg = Release|Any CPU
		{ED023CF1-E53D-4FB5-8C58-25B8D8DB3890}.Release|Any CPU.Build.0 = Release|Any CPU
		{F0CB064A-C946-45DF-A393-1C27B0F5A382}.Debug|Any CPU.ActiveCfg = Debug|Any CPU
		{F0CB064A-C946-45DF-A393-1C27B0F5A382}.Debug|Any CPU.Build.0 = Debug|Any CPU
		{F0CB064A-C946-45DF-A393-1C27B0F5A382}.Release|Any CPU.ActiveCfg = Release|Any CPU
		{F0CB064A-C946-45DF-A393-1C27B0F5A382}.Release|Any CPU.Build.0 = Release|Any CPU
		{D1CF23AA-14F7-4903-8D53-B19C34FB0527}.Debug|Any CPU.ActiveCfg = Debug|Any CPU
		{D1CF23AA-14F7-4903-8D53-B19C34FB0527}.Debug|Any CPU.Build.0 = Debug|Any CPU
		{D1CF23AA-14F7-4903-8D53-B19C34FB0527}.Release|Any CPU.ActiveCfg = Release|Any CPU
		{D1CF23AA-14F7-4903-8D53-B19C34FB0527}.Release|Any CPU.Build.0 = Release|Any CPU
		{900B1C64-4F3E-44FA-8782-72D6D3C10549}.Debug|Any CPU.ActiveCfg = Debug|Any CPU
		{900B1C64-4F3E-44FA-8782-72D6D3C10549}.Debug|Any CPU.Build.0 = Debug|Any CPU
		{900B1C64-4F3E-44FA-8782-72D6D3C10549}.Release|Any CPU.ActiveCfg = Release|Any CPU
		{900B1C64-4F3E-44FA-8782-72D6D3C10549}.Release|Any CPU.Build.0 = Release|Any CPU
		{DF5251E6-055E-470C-B6B2-301B4BD66A28}.Debug|Any CPU.ActiveCfg = Debug|Any CPU
		{DF5251E6-055E-470C-B6B2-301B4BD66A28}.Debug|Any CPU.Build.0 = Debug|Any CPU
		{DF5251E6-055E-470C-B6B2-301B4BD66A28}.Release|Any CPU.ActiveCfg = Release|Any CPU
		{DF5251E6-055E-470C-B6B2-301B4BD66A28}.Release|Any CPU.Build.0 = Release|Any CPU
		{5671B546-9929-4DA2-8EE9-C48BB4FD0216}.Debug|Any CPU.ActiveCfg = Debug|Any CPU
		{5671B546-9929-4DA2-8EE9-C48BB4FD0216}.Debug|Any CPU.Build.0 = Debug|Any CPU
		{5671B546-9929-4DA2-8EE9-C48BB4FD0216}.Release|Any CPU.ActiveCfg = Release|Any CPU
		{5671B546-9929-4DA2-8EE9-C48BB4FD0216}.Release|Any CPU.Build.0 = Release|Any CPU
		{E5745EA4-E4F3-43D5-9C89-0C562AA5C287}.Debug|Any CPU.ActiveCfg = Debug|Any CPU
		{E5745EA4-E4F3-43D5-9C89-0C562AA5C287}.Debug|Any CPU.Build.0 = Debug|Any CPU
		{E5745EA4-E4F3-43D5-9C89-0C562AA5C287}.Release|Any CPU.ActiveCfg = Release|Any CPU
		{E5745EA4-E4F3-43D5-9C89-0C562AA5C287}.Release|Any CPU.Build.0 = Release|Any CPU
		{1C250B09-CF06-4739-9617-458DC6AB2577}.Debug|Any CPU.ActiveCfg = Debug|Any CPU
		{1C250B09-CF06-4739-9617-458DC6AB2577}.Debug|Any CPU.Build.0 = Debug|Any CPU
		{1C250B09-CF06-4739-9617-458DC6AB2577}.Release|Any CPU.ActiveCfg = Release|Any CPU
		{1C250B09-CF06-4739-9617-458DC6AB2577}.Release|Any CPU.Build.0 = Release|Any CPU
		{10BFE4A1-C74C-4354-8B23-A42E823480B5}.Debug|Any CPU.ActiveCfg = Debug|Any CPU
		{10BFE4A1-C74C-4354-8B23-A42E823480B5}.Debug|Any CPU.Build.0 = Debug|Any CPU
		{10BFE4A1-C74C-4354-8B23-A42E823480B5}.Release|Any CPU.ActiveCfg = Release|Any CPU
		{10BFE4A1-C74C-4354-8B23-A42E823480B5}.Release|Any CPU.Build.0 = Release|Any CPU
		{8344F353-7891-4990-9156-4B0894EC761C}.Debug|Any CPU.ActiveCfg = Debug|Any CPU
		{8344F353-7891-4990-9156-4B0894EC761C}.Debug|Any CPU.Build.0 = Debug|Any CPU
		{8344F353-7891-4990-9156-4B0894EC761C}.Release|Any CPU.ActiveCfg = Release|Any CPU
		{8344F353-7891-4990-9156-4B0894EC761C}.Release|Any CPU.Build.0 = Release|Any CPU
		{436A25A2-DAD7-41C5-8BB0-3E0B2B8BC104}.Debug|Any CPU.ActiveCfg = Debug|Any CPU
		{436A25A2-DAD7-41C5-8BB0-3E0B2B8BC104}.Debug|Any CPU.Build.0 = Debug|Any CPU
		{436A25A2-DAD7-41C5-8BB0-3E0B2B8BC104}.Release|Any CPU.ActiveCfg = Release|Any CPU
		{436A25A2-DAD7-41C5-8BB0-3E0B2B8BC104}.Release|Any CPU.Build.0 = Release|Any CPU
		{E6B00733-A487-48FA-A38B-68FA652C673D}.Debug|Any CPU.ActiveCfg = Debug|Any CPU
		{E6B00733-A487-48FA-A38B-68FA652C673D}.Debug|Any CPU.Build.0 = Debug|Any CPU
		{E6B00733-A487-48FA-A38B-68FA652C673D}.Release|Any CPU.ActiveCfg = Release|Any CPU
		{E6B00733-A487-48FA-A38B-68FA652C673D}.Release|Any CPU.Build.0 = Release|Any CPU
		{911E3D78-FA53-4C02-AC08-DC6765D7D6DF}.Debug|Any CPU.ActiveCfg = Debug|Any CPU
		{911E3D78-FA53-4C02-AC08-DC6765D7D6DF}.Debug|Any CPU.Build.0 = Debug|Any CPU
		{911E3D78-FA53-4C02-AC08-DC6765D7D6DF}.Release|Any CPU.ActiveCfg = Release|Any CPU
		{911E3D78-FA53-4C02-AC08-DC6765D7D6DF}.Release|Any CPU.Build.0 = Release|Any CPU
		{8695B761-2425-455F-AABB-2645A33AEF91}.Debug|Any CPU.ActiveCfg = Debug|Any CPU
		{8695B761-2425-455F-AABB-2645A33AEF91}.Debug|Any CPU.Build.0 = Debug|Any CPU
		{8695B761-2425-455F-AABB-2645A33AEF91}.Release|Any CPU.ActiveCfg = Release|Any CPU
		{8695B761-2425-455F-AABB-2645A33AEF91}.Release|Any CPU.Build.0 = Release|Any CPU
	EndGlobalSection
	GlobalSection(SolutionProperties) = preSolution
		HideSolutionNode = FALSE
	EndGlobalSection
	GlobalSection(NestedProjects) = preSolution
		{F0F868EB-6072-4872-A99C-48C2884952D9} = {9EF031FC-20C5-4248-BDE9-A39396C9F1AE}
		{64FC3A31-65D6-4C6F-8383-075F3007F7D5} = {B561EA9D-F64D-47B2-90A2-DE64B9563DB4}
		{D95A41E0-A35F-4BAD-A8D6-E4A0EA583E69} = {D18533FA-AB8A-49D2-873D-D3458F9AD656}
		{7B17ADDE-4B53-4EFE-AF41-938CC5D1B6F4} = {3F4AEE24-CC39-47CF-B6E1-8E1F4ED3076A}
		{84F69EC1-DAC0-4F9B-8192-2FEB0103CB80} = {237A0170-8EAD-42C2-AF96-1888D82595CC}
		{0B0EE077-8B7B-4D8B-BC66-516A64003D9C} = {8B7ECEC9-5D2A-4FD8-B9F0-84E66A74C334}
		{78B4AEFE-9D13-4578-B368-B25DFEA4644D} = {1D919FA2-4D99-4281-B18A-593F91F91317}
		{50E8EDE8-97A1-4A4C-9F12-447638F5AA3B} = {E9622B7A-1BB6-407D-9C71-2283C31772B9}
		{90CB4AD3-F2CB-43CE-9336-7BBB97E5C9D7} = {13863771-58DA-4D44-BC6D-3337AA97CD36}
		{ED023CF1-E53D-4FB5-8C58-25B8D8DB3890} = {81CF3194-0AEC-499B-ACFC-A771A041DA34}
		{F0CB064A-C946-45DF-A393-1C27B0F5A382} = {716AC3E7-5D6E-411F-ABBE-1C91B74D63F3}
		{D1CF23AA-14F7-4903-8D53-B19C34FB0527} = {3BA29777-B577-464E-8BB3-6C7723DD93BD}
		{900B1C64-4F3E-44FA-8782-72D6D3C10549} = {76BE093A-87F0-4E9B-B416-B3E10CA4C965}
		{DF5251E6-055E-470C-B6B2-301B4BD66A28} = {988BF704-3C07-4D43-98F2-6EA436C73279}
		{5671B546-9929-4DA2-8EE9-C48BB4FD0216} = {958E1327-8575-4654-B352-0B0025296A79}
		{E5745EA4-E4F3-43D5-9C89-0C562AA5C287} = {4AFB10B5-3227-4575-84C1-F59056324BA1}
		{1C250B09-CF06-4739-9617-458DC6AB2577} = {10D5E990-5CAC-436C-A2EE-9DD8EE1B85BD}
		{10BFE4A1-C74C-4354-8B23-A42E823480B5} = {74377571-E55B-450D-A2A4-50E8167EC5FA}
		{8344F353-7891-4990-9156-4B0894EC761C} = {0C27D44B-79DB-47AA-9B24-B8D2066C4AE9}
		{436A25A2-DAD7-41C5-8BB0-3E0B2B8BC104} = {28A3A879-F72A-498F-9A85-69E1B967B466}
		{E6B00733-A487-48FA-A38B-68FA652C673D} = {5A54DDB4-F392-4E71-8880-C5A8BF42233C}
		{911E3D78-FA53-4C02-AC08-DC6765D7D6DF} = {71D2D08B-7837-48C1-840A-95D11CDD64E3}
		{8695B761-2425-455F-AABB-2645A33AEF91} = {49AE9779-5014-4228-B906-BF6869805941}
	EndGlobalSection
	GlobalSection(ExtensibilityGlobals) = postSolution
		SolutionGuid = {43DD0812-AB94-4CE0-BEA6-0FCEBDAFA89F}
	EndGlobalSection
EndGlobal
